lockfileVersion: '9.0'

settings:
  autoInstallPeers: true
  excludeLinksFromLockfile: false

importers:

  .:
    devDependencies:
      typescript:
        specifier: ^5.4.0
        version: 5.4.5

  packages/app:
    dependencies:
      '@acme/core':
        specifier: workspace:*
        version: link:../core
      react-dom:
        specifier: ^18.2.0
        version: 18.2.0(react@18.2.0)
      string-width-cjs:
        specifier: npm:string-width@^4.2.0
        version: string-width@4.2.3
    optionalDependencies:
      fsevents:
        specifier: ^2.3.3
        version: 2.3.3
    devDependencies:
      vitest:
        specifier: ^1.6.0
        version: 1.6.0

  packages/core:
    dependencies:
      lodash:
        specifier: ^4.17.20
        version: 4.17.20

packages:

  fsevents@2.3.3:
    resolution: {integrity: sha512-5xoDfX+fL7faATnagmWPpbFtwh/R77WmMMqqHGS65C3vvB0YHrgF+B1YmZ3441tMj5n63k0212XNoJwzlhffQw==}
    engines: {node: ^8.16.0 || ^10.6.0 || >=11.0.0}
    os: [darwin]

  js-tokens@4.0.0:
    resolution: {integrity: sha512-RdJUflcE3cUzKiMqQgsCu06FPu9UdIJO0beYbPhHN4k6apgJtifcoCtT9bcxOpYBtpD2kCM6Sbzg4CausW/PKQ==}

  lodash@4.17.20:
    resolution: {integrity: sha512-PlhdFcillOINfeV7Ni6oF1TAEayyZBoZ8bcshTHqOYJYlrqzRK5hagpagky5o4HfCzzd1TRkXPMFq6cKk9rGmA==}

  loose-envify@1.4.0:
    resolution: {integrity: sha512-lyuxPGr/Wfhrlem2CL/UcnUc1zcqKAImBDzukY7Y5F/yQiNdko6+fRLevlw1HgMySw7f611UIY408EtxRSoK3Q==}
    hasBin: true

  react-dom@18.2.0:
    resolution: {integrity: sha512-6IMTriUmvsjHUjNtEDudZfuDQUoWXVxKHhlEGSk81n4YFS+r/Kl99wXiwlVXtPBtJenozv2P+hxDsw9eA7Xo6g==}
    peerDependencies:
      react: ^18.2.0

  react@18.2.0:
    resolution: {integrity: sha512-/3IjMdb2L9QbBdWiW5e3P2/npwMBaU9mHCSCUzNln0ZCYbcfTsGbTJrU/kGemdH2IWmB2ioZ+zkxtmq6g09fGQ==}

  scheduler@0.23.2:
    resolution: {integrity: sha512-UOShsPwz7NrMUqhR6t0hWjFduvOzbtv7toDH1/hIrfRNIDBnnBWd0CwJTGvTpngVlmwGCdP9/Zl/tVrDqcuYzQ==}

  string-width@4.2.3:
    resolution: {integrity: sha512-wKyQRQpjJ0sIp62ErSZdGsjMJWsap5oRNihHhu6G7JVO/9jIB6UyevL+tXuOqrng8j/cxKTWyWUwvSTriiZz/g==}

  tinyspy@2.2.1:
    resolution: {integrity: sha512-KYad6Vy5VDWV4GH3fjpseMQ/XU2BhIYP7Vzd0LG44qRWm/Yt2WCOTicFdvmgo6gWaqooMQCawTtILVQJupKu7A==}

  typescript@5.4.5:
    resolution: {integrity: sha512-vcI4UpRgg81oIRUFwR0WSIHKt11nJ7SAVlYNIu+QpqeyXP+gpQJy/Z4+F8aGxj4P2G2Bzk5G8vH4QxWeiTgyDQ==}
    hasBin: true

  vitest@1.6.0:
    resolution: {integrity: sha512-H5r/dN06swuFnzNFhq/dnz37bPXnq8xB2xB5JOVk8K09rUtoeNN+LHWkoQ0A/i3hvbUKKcCei9KpbxqHMLhLLA==}

snapshots:

  fsevents@2.3.3:
    optional: true

  js-tokens@4.0.0: {}

  lodash@4.17.20: {}

  loose-envify@1.4.0:
    dependencies:
      js-tokens: 4.0.0

  react-dom@18.2.0(react@18.2.0):
    dependencies:
      loose-envify: 1.4.0
      react: 18.2.0
      scheduler: 0.23.2

  react@18.2.0:
    dependencies:
      loose-envify: 1.4.0

  scheduler@0.23.2:
    dependencies:
      loose-envify: 1.4.0

  string-width@4.2.3: {}

  tinyspy@2.2.1: {}

  typescript@5.4.5: {}

  vitest@1.6.0:
    dependencies:
      tinyspy: 2.2.1
